PODS:
  - IQKeyboardManager (3.2.3)
  - Realm (0.93.0):
    - Realm/Headers (= 0.93.0)
  - Realm/Headers (0.93.0)
  - RealmSwift (0.93.0):
    - Realm (= 0.93.0)

DEPENDENCIES:
  - IQKeyboardManager
  - Realm
  - RealmSwift

SPEC CHECKSUMS:
  IQKeyboardManager: 6ca5c54e3776eb54af4c7caf515833f3cd761d59
  Realm: b29e8bc1534656723fa3465a3687aade1dbd1e4b
  RealmSwift: ac4633b2c4d6e257c4112c09356fc2a321895f4e

COCOAPODS: 0.37.2
