// !$*UTF8*$!
{
	archiveVersion = 1;
	classes = {
	};
	objectVersion = 46;
	objects = {

/* Begin PBXBuildFile section */
		001F8F6F1AFAD44B001E2B90 /* Iris.swift in Sources */ = {isa = PBXBuildFile; fileRef = 001F8F6E1AFAD44B001E2B90 /* Iris.swift */; };
		0020170D1AF9435400655F6F /* MenuTableViewController.swift in Sources */ = {isa = PBXBuildFile; fileRef = 0020170C1AF9435400655F6F /* MenuTableViewController.swift */; };
		0020170F1AF9567800655F6F /* AllIrisesController.swift in Sources */ = {isa = PBXBuildFile; fileRef = 0020170E1AF9567800655F6F /* AllIrisesController.swift */; };
		002017111AF973EA00655F6F /* Irises.swift in Sources */ = {isa = PBXBuildFile; fileRef = 002017101AF973EA00655F6F /* Irises.swift */; };
		002017131AF9845E00655F6F /* Podfile in Resources */ = {isa = PBXBuildFile; fileRef = 002017121AF9845E00655F6F /* Podfile */; };
		003BF9DC1AF93D3200058BEF /* AppDelegate.swift in Sources */ = {isa = PBXBuildFile; fileRef = 003BF9DB1AF93D3200058BEF /* AppDelegate.swift */; };
		003BF9DF1AF93D3200058BEF /* irisCodex.xcdatamodeld in Sources */ = {isa = PBXBuildFile; fileRef = 003BF9DD1AF93D3200058BEF /* irisCodex.xcdatamodeld */; };
		003BF9E11AF93D3200058BEF /* BeardedController.swift in Sources */ = {isa = PBXBuildFile; fileRef = 003BF9E01AF93D3200058BEF /* BeardedController.swift */; };
		003BF9E41AF93D3200058BEF /* Main.storyboard in Resources */ = {isa = PBXBuildFile; fileRef = 003BF9E21AF93D3200058BEF /* Main.storyboard */; };
		003BF9E61AF93D3200058BEF /* Images.xcassets in Resources */ = {isa = PBXBuildFile; fileRef = 003BF9E51AF93D3200058BEF /* Images.xcassets */; };
		003BF9E91AF93D3200058BEF /* LaunchScreen.xib in Resources */ = {isa = PBXBuildFile; fileRef = 003BF9E71AF93D3200058BEF /* LaunchScreen.xib */; };
		003BF9F51AF93D3200058BEF /* irisCodexTests.swift in Sources */ = {isa = PBXBuildFile; fileRef = 003BF9F41AF93D3200058BEF /* irisCodexTests.swift */; };
		003BFA021AF93F2800058BEF /* ENSideMenu.swift in Sources */ = {isa = PBXBuildFile; fileRef = 003BFA001AF93F2800058BEF /* ENSideMenu.swift */; };
		003BFA031AF93F2800058BEF /* ENSideMenuNavigationController.swift in Sources */ = {isa = PBXBuildFile; fileRef = 003BFA011AF93F2800058BEF /* ENSideMenuNavigationController.swift */; };
		003BFA051AF93FCD00058BEF /* SideNavigationController.swift in Sources */ = {isa = PBXBuildFile; fileRef = 003BFA041AF93FCD00058BEF /* SideNavigationController.swift */; };
		00A46F141B040DFF0005DCA9 /* allIrises.json in Resources */ = {isa = PBXBuildFile; fileRef = 00A46F131B040DFF0005DCA9 /* allIrises.json */; };
		96E25560AA674508C58384C4 /* Pods_irisCodexTests.framework in Frameworks */ = {isa = PBXBuildFile; fileRef = A323143D321D78147786B47C /* Pods_irisCodexTests.framework */; settings = {ATTRIBUTES = (Weak, ); }; };
		D67B5F41C20EF6A68AF0543F /* Pods_irisCodex.framework in Frameworks */ = {isa = PBXBuildFile; fileRef = 3FDF7AC1AF5F7D0D9E307B05 /* Pods_irisCodex.framework */; settings = {ATTRIBUTES = (Weak, ); }; };
		EF3BC3A81B0FFDE3007F8AD8 /* FavoritesController.swift in Sources */ = {isa = PBXBuildFile; fileRef = EF3BC3A71B0FFDE3007F8AD8 /* FavoritesController.swift */; };
		EF44B0981B02C63B00654320 /* irisDetailController.swift in Sources */ = {isa = PBXBuildFile; fileRef = EF44B0971B02C63B00654320 /* irisDetailController.swift */; };
		EF7B42AF1B0176FF007F4557 /* SwiftyJSON.swift in Sources */ = {isa = PBXBuildFile; fileRef = EF7B42AE1B0176FF007F4557 /* SwiftyJSON.swift */; };
		EF7B42B11B0177C3007F4557 /* DataManager.swift in Sources */ = {isa = PBXBuildFile; fileRef = EF7B42B01B0177C3007F4557 /* DataManager.swift */; };
		EFBCD1E51B01BCC60028441E /* bundledIris.realm in Resources */ = {isa = PBXBuildFile; fileRef = EFBCD1E41B01BCC60028441E /* bundledIris.realm */; };
/* End PBXBuildFile section */

/* Begin PBXContainerItemProxy section */
		003BF9EF1AF93D3200058BEF /* PBXContainerItemProxy */ = {
			isa = PBXContainerItemProxy;
			containerPortal = 003BF9CE1AF93D3200058BEF /* Project object */;
			proxyType = 1;
			remoteGlobalIDString = 003BF9D51AF93D3200058BEF;
			remoteInfo = irisCodex;
		};
/* End PBXContainerItemProxy section */

/* Begin PBXFileReference section */
		001F8F6E1AFAD44B001E2B90 /* Iris.swift */ = {isa = PBXFileReference; fileEncoding = 4; lastKnownFileType = sourcecode.swift; path = Iris.swift; sourceTree = "<group>"; };
		0020170C1AF9435400655F6F /* MenuTableViewController.swift */ = {isa = PBXFileReference; fileEncoding = 4; lastKnownFileType = sourcecode.swift; path = MenuTableViewController.swift; sourceTree = "<group>"; };
		0020170E1AF9567800655F6F /* AllIrisesController.swift */ = {isa = PBXFileReference; fileEncoding = 4; lastKnownFileType = sourcecode.swift; path = AllIrisesController.swift; sourceTree = "<group>"; };
		002017101AF973EA00655F6F /* Irises.swift */ = {isa = PBXFileReference; fileEncoding = 4; lastKnownFileType = sourcecode.swift; path = Irises.swift; sourceTree = "<group>"; };
		002017121AF9845E00655F6F /* Podfile */ = {isa = PBXFileReference; fileEncoding = 4; lastKnownFileType = text; path = Podfile; sourceTree = "<group>"; xcLanguageSpecificationIdentifier = xcode.lang.ruby; };
		003BF9D61AF93D3200058BEF /* irisCodex.app */ = {isa = PBXFileReference; explicitFileType = wrapper.application; includeInIndex = 0; path = irisCodex.app; sourceTree = BUILT_PRODUCTS_DIR; };
		003BF9DA1AF93D3200058BEF /* Info.plist */ = {isa = PBXFileReference; lastKnownFileType = text.plist.xml; path = Info.plist; sourceTree = "<group>"; };
		003BF9DB1AF93D3200058BEF /* AppDelegate.swift */ = {isa = PBXFileReference; lastKnownFileType = sourcecode.swift; path = AppDelegate.swift; sourceTree = "<group>"; };
		003BF9DE1AF93D3200058BEF /* irisCodex.xcdatamodel */ = {isa = PBXFileReference; lastKnownFileType = wrapper.xcdatamodel; path = irisCodex.xcdatamodel; sourceTree = "<group>"; };
		003BF9E01AF93D3200058BEF /* BeardedController.swift */ = {isa = PBXFileReference; lastKnownFileType = sourcecode.swift; path = BeardedController.swift; sourceTree = "<group>"; };
		003BF9E31AF93D3200058BEF /* Base */ = {isa = PBXFileReference; lastKnownFileType = file.storyboard; name = Base; path = Base.lproj/Main.storyboard; sourceTree = "<group>"; };
		003BF9E51AF93D3200058BEF /* Images.xcassets */ = {isa = PBXFileReference; lastKnownFileType = folder.assetcatalog; path = Images.xcassets; sourceTree = "<group>"; };
		003BF9E81AF93D3200058BEF /* Base */ = {isa = PBXFileReference; lastKnownFileType = file.xib; name = Base; path = Base.lproj/LaunchScreen.xib; sourceTree = "<group>"; };
		003BF9EE1AF93D3200058BEF /* irisCodexTests.xctest */ = {isa = PBXFileReference; explicitFileType = wrapper.cfbundle; includeInIndex = 0; path = irisCodexTests.xctest; sourceTree = BUILT_PRODUCTS_DIR; };
		003BF9F31AF93D3200058BEF /* Info.plist */ = {isa = PBXFileReference; lastKnownFileType = text.plist.xml; path = Info.plist; sourceTree = "<group>"; };
		003BF9F41AF93D3200058BEF /* irisCodexTests.swift */ = {isa = PBXFileReference; lastKnownFileType = sourcecode.swift; path = irisCodexTests.swift; sourceTree = "<group>"; };
		003BFA001AF93F2800058BEF /* ENSideMenu.swift */ = {isa = PBXFileReference; fileEncoding = 4; lastKnownFileType = sourcecode.swift; path = ENSideMenu.swift; sourceTree = "<group>"; };
		003BFA011AF93F2800058BEF /* ENSideMenuNavigationController.swift */ = {isa = PBXFileReference; fileEncoding = 4; lastKnownFileType = sourcecode.swift; path = ENSideMenuNavigationController.swift; sourceTree = "<group>"; };
		003BFA041AF93FCD00058BEF /* SideNavigationController.swift */ = {isa = PBXFileReference; fileEncoding = 4; lastKnownFileType = sourcecode.swift; path = SideNavigationController.swift; sourceTree = "<group>"; };
		00A46F131B040DFF0005DCA9 /* allIrises.json */ = {isa = PBXFileReference; fileEncoding = 4; lastKnownFileType = text.json; path = allIrises.json; sourceTree = "<group>"; };
		3FDF7AC1AF5F7D0D9E307B05 /* Pods_irisCodex.framework */ = {isa = PBXFileReference; explicitFileType = wrapper.framework; includeInIndex = 0; path = Pods_irisCodex.framework; sourceTree = BUILT_PRODUCTS_DIR; };
		56549578F6BEA477C2397352 /* Pods-irisCodex.debug.xcconfig */ = {isa = PBXFileReference; includeInIndex = 1; lastKnownFileType = text.xcconfig; name = "Pods-irisCodex.debug.xcconfig"; path = "Pods/Target Support Files/Pods-irisCodex/Pods-irisCodex.debug.xcconfig"; sourceTree = "<group>"; };
		990A3424F1429C7A347547EE /* Pods-irisCodexTests.release.xcconfig */ = {isa = PBXFileReference; includeInIndex = 1; lastKnownFileType = text.xcconfig; name = "Pods-irisCodexTests.release.xcconfig"; path = "Pods/Target Support Files/Pods-irisCodexTests/Pods-irisCodexTests.release.xcconfig"; sourceTree = "<group>"; };
		A323143D321D78147786B47C /* Pods_irisCodexTests.framework */ = {isa = PBXFileReference; explicitFileType = wrapper.framework; includeInIndex = 0; path = Pods_irisCodexTests.framework; sourceTree = BUILT_PRODUCTS_DIR; };
		E86668A575BE5CF615A2F872 /* Pods-irisCodexTests.debug.xcconfig */ = {isa = PBXFileReference; includeInIndex = 1; lastKnownFileType = text.xcconfig; name = "Pods-irisCodexTests.debug.xcconfig"; path = "Pods/Target Support Files/Pods-irisCodexTests/Pods-irisCodexTests.debug.xcconfig"; sourceTree = "<group>"; };
		EF3BC3A71B0FFDE3007F8AD8 /* FavoritesController.swift */ = {isa = PBXFileReference; fileEncoding = 4; lastKnownFileType = sourcecode.swift; path = FavoritesController.swift; sourceTree = "<group>"; };
		EF44B0971B02C63B00654320 /* irisDetailController.swift */ = {isa = PBXFileReference; fileEncoding = 4; lastKnownFileType = sourcecode.swift; path = irisDetailController.swift; sourceTree = "<group>"; };
		EF7B42AE1B0176FF007F4557 /* SwiftyJSON.swift */ = {isa = PBXFileReference; fileEncoding = 4; lastKnownFileType = sourcecode.swift; name = SwiftyJSON.swift; path = irisCodex/SwiftyJSON.swift; sourceTree = "<group>"; };
		EF7B42B01B0177C3007F4557 /* DataManager.swift */ = {isa = PBXFileReference; fileEncoding = 4; lastKnownFileType = sourcecode.swift; path = DataManager.swift; sourceTree = "<group>"; };
		EFBCD1E41B01BCC60028441E /* bundledIris.realm */ = {isa = PBXFileReference; lastKnownFileType = file; path = bundledIris.realm; sourceTree = "<group>"; };
		F70C6D0D948AC7C4691EBB4D /* Pods-irisCodex.release.xcconfig */ = {isa = PBXFileReference; includeInIndex = 1; lastKnownFileType = text.xcconfig; name = "Pods-irisCodex.release.xcconfig"; path = "Pods/Target Support Files/Pods-irisCodex/Pods-irisCodex.release.xcconfig"; sourceTree = "<group>"; };
/* End PBXFileReference section */

/* Begin PBXFrameworksBuildPhase section */
		003BF9D31AF93D3200058BEF /* Frameworks */ = {
			isa = PBXFrameworksBuildPhase;
			buildActionMask = 2147483647;
			files = (
				D67B5F41C20EF6A68AF0543F /* Pods_irisCodex.framework in Frameworks */,
			);
			runOnlyForDeploymentPostprocessing = 0;
		};
		003BF9EB1AF93D3200058BEF /* Frameworks */ = {
			isa = PBXFrameworksBuildPhase;
			buildActionMask = 2147483647;
			files = (
				96E25560AA674508C58384C4 /* Pods_irisCodexTests.framework in Frameworks */,
			);
			runOnlyForDeploymentPostprocessing = 0;
		};
/* End PBXFrameworksBuildPhase section */

/* Begin PBXGroup section */
		003BF9CD1AF93D3200058BEF = {
			isa = PBXGroup;
			children = (
				003BF9D81AF93D3200058BEF /* irisCodex */,
				003BF9F11AF93D3200058BEF /* irisCodexTests */,
				003BF9D71AF93D3200058BEF /* Products */,
				EF7B42AE1B0176FF007F4557 /* SwiftyJSON.swift */,
				003BFA001AF93F2800058BEF /* ENSideMenu.swift */,
				003BFA011AF93F2800058BEF /* ENSideMenuNavigationController.swift */,
				002017121AF9845E00655F6F /* Podfile */,
				8A0CA45A72773CBE096894AB /* Pods */,
				8D41672021A34EBE82565B61 /* Frameworks */,
			);
			sourceTree = "<group>";
		};
		003BF9D71AF93D3200058BEF /* Products */ = {
			isa = PBXGroup;
			children = (
				003BF9D61AF93D3200058BEF /* irisCodex.app */,
				003BF9EE1AF93D3200058BEF /* irisCodexTests.xctest */,
			);
			name = Products;
			sourceTree = "<group>";
		};
		003BF9D81AF93D3200058BEF /* irisCodex */ = {
			isa = PBXGroup;
			children = (
				003BF9E21AF93D3200058BEF /* Main.storyboard */,
				EFBCD1E41B01BCC60028441E /* bundledIris.realm */,
				003BF9DB1AF93D3200058BEF /* AppDelegate.swift */,
				EF7B42B01B0177C3007F4557 /* DataManager.swift */,
				001F8F6E1AFAD44B001E2B90 /* Iris.swift */,
				002017101AF973EA00655F6F /* Irises.swift */,
				00A46F131B040DFF0005DCA9 /* allIrises.json */,
				0020170E1AF9567800655F6F /* AllIrisesController.swift */,
				003BF9E01AF93D3200058BEF /* BeardedController.swift */,
				EF3BC3A71B0FFDE3007F8AD8 /* FavoritesController.swift */,
				EF44B0971B02C63B00654320 /* irisDetailController.swift */,
				0020170C1AF9435400655F6F /* MenuTableViewController.swift */,
				003BFA041AF93FCD00058BEF /* SideNavigationController.swift */,
				003BF9E51AF93D3200058BEF /* Images.xcassets */,
				003BF9E71AF93D3200058BEF /* LaunchScreen.xib */,
				003BF9DD1AF93D3200058BEF /* irisCodex.xcdatamodeld */,
				003BF9D91AF93D3200058BEF /* Supporting Files */,
			);
			path = irisCodex;
			sourceTree = "<group>";
		};
		003BF9D91AF93D3200058BEF /* Supporting Files */ = {
			isa = PBXGroup;
			children = (
				003BF9DA1AF93D3200058BEF /* Info.plist */,
			);
			name = "Supporting Files";
			sourceTree = "<group>";
		};
		003BF9F11AF93D3200058BEF /* irisCodexTests */ = {
			isa = PBXGroup;
			children = (
				003BF9F41AF93D3200058BEF /* irisCodexTests.swift */,
				003BF9F21AF93D3200058BEF /* Supporting Files */,
			);
			path = irisCodexTests;
			sourceTree = "<group>";
		};
		003BF9F21AF93D3200058BEF /* Supporting Files */ = {
			isa = PBXGroup;
			children = (
				003BF9F31AF93D3200058BEF /* Info.plist */,
			);
			name = "Supporting Files";
			sourceTree = "<group>";
		};
		8A0CA45A72773CBE096894AB /* Pods */ = {
			isa = PBXGroup;
			children = (
				56549578F6BEA477C2397352 /* Pods-irisCodex.debug.xcconfig */,
				F70C6D0D948AC7C4691EBB4D /* Pods-irisCodex.release.xcconfig */,
				E86668A575BE5CF615A2F872 /* Pods-irisCodexTests.debug.xcconfig */,
				990A3424F1429C7A347547EE /* Pods-irisCodexTests.release.xcconfig */,
			);
			name = Pods;
			sourceTree = "<group>";
		};
		8D41672021A34EBE82565B61 /* Frameworks */ = {
			isa = PBXGroup;
			children = (
				3FDF7AC1AF5F7D0D9E307B05 /* Pods_irisCodex.framework */,
				A323143D321D78147786B47C /* Pods_irisCodexTests.framework */,
			);
			name = Frameworks;
			sourceTree = "<group>";
		};
/* End PBXGroup section */

/* Begin PBXNativeTarget section */
		003BF9D51AF93D3200058BEF /* irisCodex */ = {
			isa = PBXNativeTarget;
			buildConfigurationList = 003BF9F81AF93D3200058BEF /* Build configuration list for PBXNativeTarget "irisCodex" */;
			buildPhases = (
				F8BCC5B03F6664FC45BF2259 /* Check Pods Manifest.lock */,
				003BF9D21AF93D3200058BEF /* Sources */,
				003BF9D31AF93D3200058BEF /* Frameworks */,
				003BF9D41AF93D3200058BEF /* Resources */,
				FDF6E414B2220CD3C0F26CA0 /* Embed Pods Frameworks */,
				B4B9F685D5E60D2AF6DEF8B3 /* Copy Pods Resources */,
			);
			buildRules = (
			);
			dependencies = (
			);
			name = irisCodex;
			productName = irisCodex;
			productReference = 003BF9D61AF93D3200058BEF /* irisCodex.app */;
			productType = "com.apple.product-type.application";
		};
		003BF9ED1AF93D3200058BEF /* irisCodexTests */ = {
			isa = PBXNativeTarget;
			buildConfigurationList = 003BF9FB1AF93D3200058BEF /* Build configuration list for PBXNativeTarget "irisCodexTests" */;
			buildPhases = (
				7CAEC5B2DE7419857D7E1110 /* Check Pods Manifest.lock */,
				003BF9EA1AF93D3200058BEF /* Sources */,
				003BF9EB1AF93D3200058BEF /* Frameworks */,
				003BF9EC1AF93D3200058BEF /* Resources */,
				69ACE59E3504657F86DD7FE7 /* Embed Pods Frameworks */,
				F9E5F2C54C1528771951084F /* Copy Pods Resources */,
			);
			buildRules = (
			);
			dependencies = (
				003BF9F01AF93D3200058BEF /* PBXTargetDependency */,
			);
			name = irisCodexTests;
			productName = irisCodexTests;
			productReference = 003BF9EE1AF93D3200058BEF /* irisCodexTests.xctest */;
			productType = "com.apple.product-type.bundle.unit-test";
		};
/* End PBXNativeTarget section */

/* Begin PBXProject section */
		003BF9CE1AF93D3200058BEF /* Project object */ = {
			isa = PBXProject;
			attributes = {
				LastUpgradeCheck = 0630;
				ORGANIZATIONNAME = diligentagility;
				TargetAttributes = {
					003BF9D51AF93D3200058BEF = {
						CreatedOnToolsVersion = 6.3.1;
					};
					003BF9ED1AF93D3200058BEF = {
						CreatedOnToolsVersion = 6.3.1;
						TestTargetID = 003BF9D51AF93D3200058BEF;
					};
				};
			};
			buildConfigurationList = 003BF9D11AF93D3200058BEF /* Build configuration list for PBXProject "irisCodex" */;
			compatibilityVersion = "Xcode 3.2";
			developmentRegion = English;
			hasScannedForEncodings = 0;
			knownRegions = (
				en,
				Base,
			);
			mainGroup = 003BF9CD1AF93D3200058BEF;
			productRefGroup = 003BF9D71AF93D3200058BEF /* Products */;
			projectDirPath = "";
			projectRoot = "";
			targets = (
				003BF9D51AF93D3200058BEF /* irisCodex */,
				003BF9ED1AF93D3200058BEF /* irisCodexTests */,
			);
		};
/* End PBXProject section */

/* Begin PBXResourcesBuildPhase section */
		003BF9D41AF93D3200058BEF /* Resources */ = {
			isa = PBXResourcesBuildPhase;
			buildActionMask = 2147483647;
			files = (
				EFBCD1E51B01BCC60028441E /* bundledIris.realm in Resources */,
				003BF9E41AF93D3200058BEF /* Main.storyboard in Resources */,
				003BF9E91AF93D3200058BEF /* LaunchScreen.xib in Resources */,
				002017131AF9845E00655F6F /* Podfile in Resources */,
				00A46F141B040DFF0005DCA9 /* allIrises.json in Resources */,
				003BF9E61AF93D3200058BEF /* Images.xcassets in Resources */,
			);
			runOnlyForDeploymentPostprocessing = 0;
		};
		003BF9EC1AF93D3200058BEF /* Resources */ = {
			isa = PBXResourcesBuildPhase;
			buildActionMask = 2147483647;
			files = (
			);
			runOnlyForDeploymentPostprocessing = 0;
		};
/* End PBXResourcesBuildPhase section */

/* Begin PBXShellScriptBuildPhase section */
		69ACE59E3504657F86DD7FE7 /* Embed Pods Frameworks */ = {
			isa = PBXShellScriptBuildPhase;
			buildActionMask = 2147483647;
			files = (
			);
			inputPaths = (
			);
			name = "Embed Pods Frameworks";
			outputPaths = (
			);
			runOnlyForDeploymentPostprocessing = 0;
			shellPath = /bin/sh;
			shellScript = "\"${SRCROOT}/Pods/Target Support Files/Pods-irisCodexTests/Pods-irisCodexTests-frameworks.sh\"\n";
			showEnvVarsInLog = 0;
		};
		7CAEC5B2DE7419857D7E1110 /* Check Pods Manifest.lock */ = {
			isa = PBXShellScriptBuildPhase;
			buildActionMask = 2147483647;
			files = (
			);
			inputPaths = (
			);
			name = "Check Pods Manifest.lock";
			outputPaths = (
			);
			runOnlyForDeploymentPostprocessing = 0;
			shellPath = /bin/sh;
			shellScript = "diff \"${PODS_ROOT}/../Podfile.lock\" \"${PODS_ROOT}/Manifest.lock\" > /dev/null\nif [[ $? != 0 ]] ; then\n    cat << EOM\nerror: The sandbox is not in sync with the Podfile.lock. Run 'pod install' or update your CocoaPods installation.\nEOM\n    exit 1\nfi\n";
			showEnvVarsInLog = 0;
		};
		B4B9F685D5E60D2AF6DEF8B3 /* Copy Pods Resources */ = {
			isa = PBXShellScriptBuildPhase;
			buildActionMask = 2147483647;
			files = (
			);
			inputPaths = (
			);
			name = "Copy Pods Resources";
			outputPaths = (
			);
			runOnlyForDeploymentPostprocessing = 0;
			shellPath = /bin/sh;
			shellScript = "\"${SRCROOT}/Pods/Target Support Files/Pods-irisCodex/Pods-irisCodex-resources.sh\"\n";
			showEnvVarsInLog = 0;
		};
		F8BCC5B03F6664FC45BF2259 /* Check Pods Manifest.lock */ = {
			isa = PBXShellScriptBuildPhase;
			buildActionMask = 2147483647;
			files = (
			);
			inputPaths = (
			);
			name = "Check Pods Manifest.lock";
			outputPaths = (
			);
			runOnlyForDeploymentPostprocessing = 0;
			shellPath = /bin/sh;
			shellScript = "diff \"${PODS_ROOT}/../Podfile.lock\" \"${PODS_ROOT}/Manifest.lock\" > /dev/null\nif [[ $? != 0 ]] ; then\n    cat << EOM\nerror: The sandbox is not in sync with the Podfile.lock. Run 'pod install' or update your CocoaPods installation.\nEOM\n    exit 1\nfi\n";
			showEnvVarsInLog = 0;
		};
		F9E5F2C54C1528771951084F /* Copy Pods Resources */ = {
			isa = PBXShellScriptBuildPhase;
			buildActionMask = 2147483647;
			files = (
			);
			inputPaths = (
			);
			name = "Copy Pods Resources";
			outputPaths = (
			);
			runOnlyForDeploymentPostprocessing = 0;
			shellPath = /bin/sh;
			shellScript = "\"${SRCROOT}/Pods/Target Support Files/Pods-irisCodexTests/Pods-irisCodexTests-resources.sh\"\n";
			showEnvVarsInLog = 0;
		};
		FDF6E414B2220CD3C0F26CA0 /* Embed Pods Frameworks */ = {
			isa = PBXShellScriptBuildPhase;
			buildActionMask = 2147483647;
			files = (
			);
			inputPaths = (
			);
			name = "Embed Pods Frameworks";
			outputPaths = (
			);
			runOnlyForDeploymentPostprocessing = 0;
			shellPath = /bin/sh;
			shellScript = "\"${SRCROOT}/Pods/Target Support Files/Pods-irisCodex/Pods-irisCodex-frameworks.sh\"\n";
			showEnvVarsInLog = 0;
		};
/* End PBXShellScriptBuildPhase section */

/* Begin PBXSourcesBuildPhase section */
		003BF9D21AF93D3200058BEF /* Sources */ = {
			isa = PBXSourcesBuildPhase;
			buildActionMask = 2147483647;
			files = (
				003BFA021AF93F2800058BEF /* ENSideMenu.swift in Sources */,
				EF7B42B11B0177C3007F4557 /* DataManager.swift in Sources */,
				0020170D1AF9435400655F6F /* MenuTableViewController.swift in Sources */,
				002017111AF973EA00655F6F /* Irises.swift in Sources */,
				EF7B42AF1B0176FF007F4557 /* SwiftyJSON.swift in Sources */,
				003BF9E11AF93D3200058BEF /* BeardedController.swift in Sources */,
				003BF9DF1AF93D3200058BEF /* irisCodex.xcdatamodeld in Sources */,
				003BFA031AF93F2800058BEF /* ENSideMenuNavigationController.swift in Sources */,
				EF44B0981B02C63B00654320 /* irisDetailController.swift in Sources */,
				0020170F1AF9567800655F6F /* AllIrisesController.swift in Sources */,
				003BFA051AF93FCD00058BEF /* SideNavigationController.swift in Sources */,
				EF3BC3A81B0FFDE3007F8AD8 /* FavoritesController.swift in Sources */,
				001F8F6F1AFAD44B001E2B90 /* Iris.swift in Sources */,
				003BF9DC1AF93D3200058BEF /* AppDelegate.swift in Sources */,
			);
			runOnlyForDeploymentPostprocessing = 0;
		};
		003BF9EA1AF93D3200058BEF /* Sources */ = {
			isa = PBXSourcesBuildPhase;
			buildActionMask = 2147483647;
			files = (
				003BF9F51AF93D3200058BEF /* irisCodexTests.swift in Sources */,
			);
			runOnlyForDeploymentPostprocessing = 0;
		};
/* End PBXSourcesBuildPhase section */

/* Begin PBXTargetDependency section */
		003BF9F01AF93D3200058BEF /* PBXTargetDependency */ = {
			isa = PBXTargetDependency;
			target = 003BF9D51AF93D3200058BEF /* irisCodex */;
			targetProxy = 003BF9EF1AF93D3200058BEF /* PBXContainerItemProxy */;
		};
/* End PBXTargetDependency section */

/* Begin PBXVariantGroup section */
		003BF9E21AF93D3200058BEF /* Main.storyboard */ = {
			isa = PBXVariantGroup;
			children = (
				003BF9E31AF93D3200058BEF /* Base */,
			);
			name = Main.storyboard;
			sourceTree = "<group>";
		};
		003BF9E71AF93D3200058BEF /* LaunchScreen.xib */ = {
			isa = PBXVariantGroup;
			children = (
				003BF9E81AF93D3200058BEF /* Base */,
			);
			name = LaunchScreen.xib;
			sourceTree = "<group>";
		};
/* End PBXVariantGroup section */

/* Begin XCBuildConfiguration section */
		003BF9F61AF93D3200058BEF /* Debug */ = {
			isa = XCBuildConfiguration;
			buildSettings = {
				ALWAYS_SEARCH_USER_PATHS = NO;
				CLANG_CXX_LANGUAGE_STANDARD = "gnu++0x";
				CLANG_CXX_LIBRARY = "libc++";
				CLANG_ENABLE_MODULES = YES;
				CLANG_ENABLE_OBJC_ARC = YES;
				CLANG_WARN_BOOL_CONVERSION = YES;
				CLANG_WARN_CONSTANT_CONVERSION = YES;
				CLANG_WARN_DIRECT_OBJC_ISA_USAGE = YES_ERROR;
				CLANG_WARN_EMPTY_BODY = YES;
				CLANG_WARN_ENUM_CONVERSION = YES;
				CLANG_WARN_INT_CONVERSION = YES;
				CLANG_WARN_OBJC_ROOT_CLASS = YES_ERROR;
				CLANG_WARN_UNREACHABLE_CODE = YES;
				CLANG_WARN__DUPLICATE_METHOD_MATCH = YES;
				"CODE_SIGN_IDENTITY[sdk=iphoneos*]" = "iPhone Developer";
				COPY_PHASE_STRIP = NO;
				DEBUG_INFORMATION_FORMAT = "dwarf-with-dsym";
				ENABLE_STRICT_OBJC_MSGSEND = YES;
				GCC_C_LANGUAGE_STANDARD = gnu99;
				GCC_DYNAMIC_NO_PIC = NO;
				GCC_NO_COMMON_BLOCKS = YES;
				GCC_OPTIMIZATION_LEVEL = 0;
				GCC_PREPROCESSOR_DEFINITIONS = (
					"DEBUG=1",
					"$(inherited)",
				);
				GCC_SYMBOLS_PRIVATE_EXTERN = NO;
				GCC_WARN_64_TO_32_BIT_CONVERSION = YES;
				GCC_WARN_ABOUT_RETURN_TYPE = YES_ERROR;
				GCC_WARN_UNDECLARED_SELECTOR = YES;
				GCC_WARN_UNINITIALIZED_AUTOS = YES_AGGRESSIVE;
				GCC_WARN_UNUSED_FUNCTION = YES;
				GCC_WARN_UNUSED_VARIABLE = YES;
				IPHONEOS_DEPLOYMENT_TARGET = 8.3;
				MTL_ENABLE_DEBUG_INFO = YES;
				ONLY_ACTIVE_ARCH = YES;
				SDKROOT = iphoneos;
				SWIFT_OPTIMIZATION_LEVEL = "-Onone";
				TARGETED_DEVICE_FAMILY = "1,2";
			};
			name = Debug;
		};
		003BF9F71AF93D3200058BEF /* Release */ = {
			isa = XCBuildConfiguration;
			buildSettings = {
				ALWAYS_SEARCH_USER_PATHS = NO;
				CLANG_CXX_LANGUAGE_STANDARD = "gnu++0x";
				CLANG_CXX_LIBRARY = "libc++";
				CLANG_ENABLE_MODULES = YES;
				CLANG_ENABLE_OBJC_ARC = YES;
				CLANG_WARN_BOOL_CONVERSION = YES;
				CLANG_WARN_CONSTANT_CONVERSION = YES;
				CLANG_WARN_DIRECT_OBJC_ISA_USAGE = YES_ERROR;
				CLANG_WARN_EMPTY_BODY = YES;
				CLANG_WARN_ENUM_CONVERSION = YES;
				CLANG_WARN_INT_CONVERSION = YES;
				CLANG_WARN_OBJC_ROOT_CLASS = YES_ERROR;
				CLANG_WARN_UNREACHABLE_CODE = YES;
				CLANG_WARN__DUPLICATE_METHOD_MATCH = YES;
				"CODE_SIGN_IDENTITY[sdk=iphoneos*]" = "iPhone Developer";
				COPY_PHASE_STRIP = NO;
				DEBUG_INFORMATION_FORMAT = "dwarf-with-dsym";
				ENABLE_NS_ASSERTIONS = NO;
				ENABLE_STRICT_OBJC_MSGSEND = YES;
				GCC_C_LANGUAGE_STANDARD = gnu99;
				GCC_NO_COMMON_BLOCKS = YES;
				GCC_WARN_64_TO_32_BIT_CONVERSION = YES;
				GCC_WARN_ABOUT_RETURN_TYPE = YES_ERROR;
				GCC_WARN_UNDECLARED_SELECTOR = YES;
				GCC_WARN_UNINITIALIZED_AUTOS = YES_AGGRESSIVE;
				GCC_WARN_UNUSED_FUNCTION = YES;
				GCC_WARN_UNUSED_VARIABLE = YES;
				IPHONEOS_DEPLOYMENT_TARGET = 8.3;
				MTL_ENABLE_DEBUG_INFO = NO;
				SDKROOT = iphoneos;
				TARGETED_DEVICE_FAMILY = "1,2";
				VALIDATE_PRODUCT = YES;
			};
			name = Release;
		};
		003BF9F91AF93D3200058BEF /* Debug */ = {
			isa = XCBuildConfiguration;
			baseConfigurationReference = 56549578F6BEA477C2397352 /* Pods-irisCodex.debug.xcconfig */;
			buildSettings = {
				ASSETCATALOG_COMPILER_APPICON_NAME = AppIcon;
				INFOPLIST_FILE = irisCodex/Info.plist;
				LD_RUNPATH_SEARCH_PATHS = "$(inherited) @executable_path/Frameworks";
				PRODUCT_NAME = "$(TARGET_NAME)";
			};
			name = Debug;
		};
		003BF9FA1AF93D3200058BEF /* Release */ = {
			isa = XCBuildConfiguration;
			baseConfigurationReference = F70C6D0D948AC7C4691EBB4D /* Pods-irisCodex.release.xcconfig */;
			buildSettings = {
				ASSETCATALOG_COMPILER_APPICON_NAME = AppIcon;
				INFOPLIST_FILE = irisCodex/Info.plist;
				LD_RUNPATH_SEARCH_PATHS = "$(inherited) @executable_path/Frameworks";
				PRODUCT_NAME = "$(TARGET_NAME)";
			};
			name = Release;
		};
		003BF9FC1AF93D3200058BEF /* Debug */ = {
			isa = XCBuildConfiguration;
			baseConfigurationReference = E86668A575BE5CF615A2F872 /* Pods-irisCodexTests.debug.xcconfig */;
			buildSettings = {
				BUNDLE_LOADER = "$(TEST_HOST)";
				FRAMEWORK_SEARCH_PATHS = (
					"$(SDKROOT)/Developer/Library/Frameworks",
					"$(inherited)",
				);
				GCC_PREPROCESSOR_DEFINITIONS = (
					"DEBUG=1",
					"$(inherited)",
				);
				INFOPLIST_FILE = irisCodexTests/Info.plist;
				LD_RUNPATH_SEARCH_PATHS = "$(inherited) @executable_path/Frameworks @loader_path/Frameworks";
				PRODUCT_NAME = "$(TARGET_NAME)";
				TEST_HOST = "$(BUILT_PRODUCTS_DIR)/irisCodex.app/irisCodex";
			};
			name = Debug;
		};
		003BF9FD1AF93D3200058BEF /* Release */ = {
			isa = XCBuildConfiguration;
			baseConfigurationReference = 990A3424F1429C7A347547EE /* Pods-irisCodexTests.release.xcconfig */;
			buildSettings = {
				BUNDLE_LOADER = "$(TEST_HOST)";
				FRAMEWORK_SEARCH_PATHS = (
					"$(SDKROOT)/Developer/Library/Frameworks",
					"$(inherited)",
				);
				INFOPLIST_FILE = irisCodexTests/Info.plist;
				LD_RUNPATH_SEARCH_PATHS = "$(inherited) @executable_path/Frameworks @loader_path/Frameworks";
				PRODUCT_NAME = "$(TARGET_NAME)";
				TEST_HOST = "$(BUILT_PRODUCTS_DIR)/irisCodex.app/irisCodex";
			};
			name = Release;
		};
/* End XCBuildConfiguration section */

/* Begin XCConfigurationList section */
		003BF9D11AF93D3200058BEF /* Build configuration list for PBXProject "irisCodex" */ = {
			isa = XCConfigurationList;
			buildConfigurations = (
				003BF9F61AF93D3200058BEF /* Debug */,
				003BF9F71AF93D3200058BEF /* Release */,
			);
			defaultConfigurationIsVisible = 0;
			defaultConfigurationName = Release;
		};
		003BF9F81AF93D3200058BEF /* Build configuration list for PBXNativeTarget "irisCodex" */ = {
			isa = XCConfigurationList;
			buildConfigurations = (
				003BF9F91AF93D3200058BEF /* Debug */,
				003BF9FA1AF93D3200058BEF /* Release */,
			);
			defaultConfigurationIsVisible = 0;
			defaultConfigurationName = Release;
		};
		003BF9FB1AF93D3200058BEF /* Build configuration list for PBXNativeTarget "irisCodexTests" */ = {
			isa = XCConfigurationList;
			buildConfigurations = (
				003BF9FC1AF93D3200058BEF /* Debug */,
				003BF9FD1AF93D3200058BEF /* Release */,
			);
			defaultConfigurationIsVisible = 0;
			defaultConfigurationName = Release;
		};
/* End XCConfigurationList section */

/* Begin XCVersionGroup section */
		003BF9DD1AF93D3200058BEF /* irisCodex.xcdatamodeld */ = {
			isa = XCVersionGroup;
			children = (
				003BF9DE1AF93D3200058BEF /* irisCodex.xcdatamodel */,
			);
			currentVersion = 003BF9DE1AF93D3200058BEF /* irisCodex.xcdatamodel */;
			path = irisCodex.xcdatamodeld;
			sourceTree = "<group>";
			versionGroupType = wrapper.xcdatamodel;
		};
/* End XCVersionGroup section */
	};
	rootObject = 003BF9CE1AF93D3200058BEF /* Project object */;
}
