// !$*UTF8*$!
{
	archiveVersion = 1;
	classes = {
	};
	objectVersion = 46;
	objects = {

/* Begin PBXBuildFile section */
		003BF9DC1AF93D3200058BEF /* AppDelegate.swift in Sources */ = {isa = PBXBuildFile; fileRef = 003BF9DB1AF93D3200058BEF /* AppDelegate.swift */; };
		003BF9DF1AF93D3200058BEF /* irisCodex.xcdatamodeld in Sources */ = {isa = PBXBuildFile; fileRef = 003BF9DD1AF93D3200058BEF /* irisCodex.xcdatamodeld */; };
		003BF9E11AF93D3200058BEF /* ViewController.swift in Sources */ = {isa = PBXBuildFile; fileRef = 003BF9E01AF93D3200058BEF /* ViewController.swift */; };
		003BF9E41AF93D3200058BEF /* Main.storyboard in Resources */ = {isa = PBXBuildFile; fileRef = 003BF9E21AF93D3200058BEF /* Main.storyboard */; };
		003BF9E61AF93D3200058BEF /* Images.xcassets in Resources */ = {isa = PBXBuildFile; fileRef = 003BF9E51AF93D3200058BEF /* Images.xcassets */; };
		003BF9E91AF93D3200058BEF /* LaunchScreen.xib in Resources */ = {isa = PBXBuildFile; fileRef = 003BF9E71AF93D3200058BEF /* LaunchScreen.xib */; };
		003BF9F51AF93D3200058BEF /* irisCodexTests.swift in Sources */ = {isa = PBXBuildFile; fileRef = 003BF9F41AF93D3200058BEF /* irisCodexTests.swift */; };
/* End PBXBuildFile section */

/* Begin PBXContainerItemProxy section */
		003BF9EF1AF93D3200058BEF /* PBXContainerItemProxy */ = {
			isa = PBXContainerItemProxy;
			containerPortal = 003BF9CE1AF93D3200058BEF /* Project object */;
			proxyType = 1;
			remoteGlobalIDString = 003BF9D51AF93D3200058BEF;
			remoteInfo = irisCodex;
		};
/* End PBXContainerItemProxy section */

/* Begin PBXFileReference section */
		003BF9D61AF93D3200058BEF /* irisCodex.app */ = {isa = PBXFileReference; explicitFileType = wrapper.application; includeInIndex = 0; path = irisCodex.app; sourceTree = BUILT_PRODUCTS_DIR; };
		003BF9DA1AF93D3200058BEF /* Info.plist */ = {isa = PBXFileReference; lastKnownFileType = text.plist.xml; path = Info.plist; sourceTree = "<group>"; };
		003BF9DB1AF93D3200058BEF /* AppDelegate.swift */ = {isa = PBXFileReference; lastKnownFileType = sourcecode.swift; path = AppDelegate.swift; sourceTree = "<group>"; };
		003BF9DE1AF93D3200058BEF /* irisCodex.xcdatamodel */ = {isa = PBXFileReference; lastKnownFileType = wrapper.xcdatamodel; path = irisCodex.xcdatamodel; sourceTree = "<group>"; };
		003BF9E01AF93D3200058BEF /* ViewController.swift */ = {isa = PBXFileReference; lastKnownFileType = sourcecode.swift; path = ViewController.swift; sourceTree = "<group>"; };
		003BF9E31AF93D3200058BEF /* Base */ = {isa = PBXFileReference; lastKnownFileType = file.storyboard; name = Base; path = Base.lproj/Main.storyboard; sourceTree = "<group>"; };
		003BF9E51AF93D3200058BEF /* Images.xcassets */ = {isa = PBXFileReference; lastKnownFileType = folder.assetcatalog; path = Images.xcassets; sourceTree = "<group>"; };
		003BF9E81AF93D3200058BEF /* Base */ = {isa = PBXFileReference; lastKnownFileType = file.xib; name = Base; path = Base.lproj/LaunchScreen.xib; sourceTree = "<group>"; };
		003BF9EE1AF93D3200058BEF /* irisCodexTests.xctest */ = {isa = PBXFileReference; explicitFileType = wrapper.cfbundle; includeInIndex = 0; path = irisCodexTests.xctest; sourceTree = BUILT_PRODUCTS_DIR; };
		003BF9F31AF93D3200058BEF /* Info.plist */ = {isa = PBXFileReference; lastKnownFileType = text.plist.xml; path = Info.plist; sourceTree = "<group>"; };
		003BF9F41AF93D3200058BEF /* irisCodexTests.swift */ = {isa = PBXFileReference; lastKnownFileType = sourcecode.swift; path = irisCodexTests.swift; sourceTree = "<group>"; };
/* End PBXFileReference section */

/* Begin PBXFrameworksBuildPhase section */
		003BF9D31AF93D3200058BEF /* Frameworks */ = {
			isa = PBXFrameworksBuildPhase;
			buildActionMask = 2147483647;
			files = (
			);
			runOnlyForDeploymentPostprocessing = 0;
		};
		003BF9EB1AF93D3200058BEF /* Frameworks */ = {
			isa = PBXFrameworksBuildPhase;
			buildActionMask = 2147483647;
			files = (
			);
			runOnlyForDeploymentPostprocessing = 0;
		};
/* End PBXFrameworksBuildPhase section */

/* Begin PBXGroup section */
		003BF9CD1AF93D3200058BEF = {
			isa = PBXGroup;
			children = (
				003BF9D81AF93D3200058BEF /* irisCodex */,
				003BF9F11AF93D3200058BEF /* irisCodexTests */,
				003BF9D71AF93D3200058BEF /* Products */,
			);
			sourceTree = "<group>";
		};
		003BF9D71AF93D3200058BEF /* Products */ = {
			isa = PBXGroup;
			children = (
				003BF9D61AF93D3200058BEF /* irisCodex.app */,
				003BF9EE1AF93D3200058BEF /* irisCodexTests.xctest */,
			);
			name = Products;
			sourceTree = "<group>";
		};
		003BF9D81AF93D3200058BEF /* irisCodex */ = {
			isa = PBXGroup;
			children = (
				003BF9DB1AF93D3200058BEF /* AppDelegate.swift */,
				003BF9E01AF93D3200058BEF /* ViewController.swift */,
				003BF9E21AF93D3200058BEF /* Main.storyboard */,
				003BF9E51AF93D3200058BEF /* Images.xcassets */,
				003BF9E71AF93D3200058BEF /* LaunchScreen.xib */,
				003BF9DD1AF93D3200058BEF /* irisCodex.xcdatamodeld */,
				003BF9D91AF93D3200058BEF /* Supporting Files */,
			);
			path = irisCodex;
			sourceTree = "<group>";
		};
		003BF9D91AF93D3200058BEF /* Supporting Files */ = {
			isa = PBXGroup;
			children = (
				003BF9DA1AF93D3200058BEF /* Info.plist */,
			);
			name = "Supporting Files";
			sourceTree = "<group>";
		};
		003BF9F11AF93D3200058BEF /* irisCodexTests */ = {
			isa = PBXGroup;
			children = (
				003BF9F41AF93D3200058BEF /* irisCodexTests.swift */,
				003BF9F21AF93D3200058BEF /* Supporting Files */,
			);
			path = irisCodexTests;
			sourceTree = "<group>";
		};
		003BF9F21AF93D3200058BEF /* Supporting Files */ = {
			isa = PBXGroup;
			children = (
				003BF9F31AF93D3200058BEF /* Info.plist */,
			);
			name = "Supporting Files";
			sourceTree = "<group>";
		};
/* End PBXGroup section */

/* Begin PBXNativeTarget section */
		003BF9D51AF93D3200058BEF /* irisCodex */ = {
			isa = PBXNativeTarget;
			buildConfigurationList = 003BF9F81AF93D3200058BEF /* Build configuration list for PBXNativeTarget "irisCodex" */;
			buildPhases = (
				003BF9D21AF93D3200058BEF /* Sources */,
				003BF9D31AF93D3200058BEF /* Frameworks */,
				003BF9D41AF93D3200058BEF /* Resources */,
			);
			buildRules = (
			);
			dependencies = (
			);
			name = irisCodex;
			productName = irisCodex;
			productReference = 003BF9D61AF93D3200058BEF /* irisCodex.app */;
			productType = "com.apple.product-type.application";
		};
		003BF9ED1AF93D3200058BEF /* irisCodexTests */ = {
			isa = PBXNativeTarget;
			buildConfigurationList = 003BF9FB1AF93D3200058BEF /* Build configuration list for PBXNativeTarget "irisCodexTests" */;
			buildPhases = (
				003BF9EA1AF93D3200058BEF /* Sources */,
				003BF9EB1AF93D3200058BEF /* Frameworks */,
				003BF9EC1AF93D3200058BEF /* Resources */,
			);
			buildRules = (
			);
			dependencies = (
				003BF9F01AF93D3200058BEF /* PBXTargetDependency */,
			);
			name = irisCodexTests;
			productName = irisCodexTests;
			productReference = 003BF9EE1AF93D3200058BEF /* irisCodexTests.xctest */;
			productType = "com.apple.product-type.bundle.unit-test";
		};
/* End PBXNativeTarget section */

/* Begin PBXProject section */
		003BF9CE1AF93D3200058BEF /* Project object */ = {
			isa = PBXProject;
			attributes = {
				LastUpgradeCheck = 0630;
				ORGANIZATIONNAME = diligentagility;
				TargetAttributes = {
					003BF9D51AF93D3200058BEF = {
						CreatedOnToolsVersion = 6.3.1;
					};
					003BF9ED1AF93D3200058BEF = {
						CreatedOnToolsVersion = 6.3.1;
						TestTargetID = 003BF9D51AF93D3200058BEF;
					};
				};
			};
			buildConfigurationList = 003BF9D11AF93D3200058BEF /* Build configuration list for PBXProject "irisCodex" */;
			compatibilityVersion = "Xcode 3.2";
			developmentRegion = English;
			hasScannedForEncodings = 0;
			knownRegions = (
				en,
				Base,
			);
			mainGroup = 003BF9CD1AF93D3200058BEF;
			productRefGroup = 003BF9D71AF93D3200058BEF /* Products */;
			projectDirPath = "";
			projectRoot = "";
			targets = (
				003BF9D51AF93D3200058BEF /* irisCodex */,
				003BF9ED1AF93D3200058BEF /* irisCodexTests */,
			);
		};
/* End PBXProject section */

/* Begin PBXResourcesBuildPhase section */
		003BF9D41AF93D3200058BEF /* Resources */ = {
			isa = PBXResourcesBuildPhase;
			buildActionMask = 2147483647;
			files = (
				003BF9E41AF93D3200058BEF /* Main.storyboard in Resources */,
				003BF9E91AF93D3200058BEF /* LaunchScreen.xib in Resources */,
				003BF9E61AF93D3200058BEF /* Images.xcassets in Resources */,
			);
			runOnlyForDeploymentPostprocessing = 0;
		};
		003BF9EC1AF93D3200058BEF /* Resources */ = {
			isa = PBXResourcesBuildPhase;
			buildActionMask = 2147483647;
			files = (
			);
			runOnlyForDeploymentPostprocessing = 0;
		};
/* End PBXResourcesBuildPhase section */

/* Begin PBXSourcesBuildPhase section */
		003BF9D21AF93D3200058BEF /* Sources */ = {
			isa = PBXSourcesBuildPhase;
			buildActionMask = 2147483647;
			files = (
				003BF9E11AF93D3200058BEF /* ViewController.swift in Sources */,
				003BF9DF1AF93D3200058BEF /* irisCodex.xcdatamodeld in Sources */,
				003BF9DC1AF93D3200058BEF /* AppDelegate.swift in Sources */,
			);
			runOnlyForDeploymentPostprocessing = 0;
		};
		003BF9EA1AF93D3200058BEF /* Sources */ = {
			isa = PBXSourcesBuildPhase;
			buildActionMask = 2147483647;
			files = (
				003BF9F51AF93D3200058BEF /* irisCodexTests.swift in Sources */,
			);
			runOnlyForDeploymentPostprocessing = 0;
		};
/* End PBXSourcesBuildPhase section */

/* Begin PBXTargetDependency section */
		003BF9F01AF93D3200058BEF /* PBXTargetDependency */ = {
			isa = PBXTargetDependency;
			target = 003BF9D51AF93D3200058BEF /* irisCodex */;
			targetProxy = 003BF9EF1AF93D3200058BEF /* PBXContainerItemProxy */;
		};
/* End PBXTargetDependency section */

/* Begin PBXVariantGroup section */
		003BF9E21AF93D3200058BEF /* Main.storyboard */ = {
			isa = PBXVariantGroup;
			children = (
				003BF9E31AF93D3200058BEF /* Base */,
			);
			name = Main.storyboard;
			sourceTree = "<group>";
		};
		003BF9E71AF93D3200058BEF /* LaunchScreen.xib */ = {
			isa = PBXVariantGroup;
			children = (
				003BF9E81AF93D3200058BEF /* Base */,
			);
			name = LaunchScreen.xib;
			sourceTree = "<group>";
		};
/* End PBXVariantGroup section */

/* Begin XCBuildConfiguration section */
		003BF9F61AF93D3200058BEF /* Debug */ = {
			isa = XCBuildConfiguration;
			buildSettings = {
				ALWAYS_SEARCH_USER_PATHS = NO;
				CLANG_CXX_LANGUAGE_STANDARD = "gnu++0x";
				CLANG_CXX_LIBRARY = "libc++";
				CLANG_ENABLE_MODULES = YES;
				CLANG_ENABLE_OBJC_ARC = YES;
				CLANG_WARN_BOOL_CONVERSION = YES;
				CLANG_WARN_CONSTANT_CONVERSION = YES;
				CLANG_WARN_DIRECT_OBJC_ISA_USAGE = YES_ERROR;
				CLANG_WARN_EMPTY_BODY = YES;
				CLANG_WARN_ENUM_CONVERSION = YES;
				CLANG_WARN_INT_CONVERSION = YES;
				CLANG_WARN_OBJC_ROOT_CLASS = YES_ERROR;
				CLANG_WARN_UNREACHABLE_CODE = YES;
				CLANG_WARN__DUPLICATE_METHOD_MATCH = YES;
				"CODE_SIGN_IDENTITY[sdk=iphoneos*]" = "iPhone Developer";
				COPY_PHASE_STRIP = NO;
				DEBUG_INFORMATION_FORMAT = "dwarf-with-dsym";
				ENABLE_STRICT_OBJC_MSGSEND = YES;
				GCC_C_LANGUAGE_STANDARD = gnu99;
				GCC_DYNAMIC_NO_PIC = NO;
				GCC_NO_COMMON_BLOCKS = YES;
				GCC_OPTIMIZATION_LEVEL = 0;
				GCC_PREPROCESSOR_DEFINITIONS = (
					"DEBUG=1",
					"$(inherited)",
				);
				GCC_SYMBOLS_PRIVATE_EXTERN = NO;
				GCC_WARN_64_TO_32_BIT_CONVERSION = YES;
				GCC_WARN_ABOUT_RETURN_TYPE = YES_ERROR;
				GCC_WARN_UNDECLARED_SELECTOR = YES;
				GCC_WARN_UNINITIALIZED_AUTOS = YES_AGGRESSIVE;
				GCC_WARN_UNUSED_FUNCTION = YES;
				GCC_WARN_UNUSED_VARIABLE = YES;
				IPHONEOS_DEPLOYMENT_TARGET = 8.3;
				MTL_ENABLE_DEBUG_INFO = YES;
				ONLY_ACTIVE_ARCH = YES;
				SDKROOT = iphoneos;
				SWIFT_OPTIMIZATION_LEVEL = "-Onone";
				TARGETED_DEVICE_FAMILY = "1,2";
			};
			name = Debug;
		};
		003BF9F71AF93D3200058BEF /* Release */ = {
			isa = XCBuildConfiguration;
			buildSettings = {
				ALWAYS_SEARCH_USER_PATHS = NO;
				CLANG_CXX_LANGUAGE_STANDARD = "gnu++0x";
				CLANG_CXX_LIBRARY = "libc++";
				CLANG_ENABLE_MODULES = YES;
				CLANG_ENABLE_OBJC_ARC = YES;
				CLANG_WARN_BOOL_CONVERSION = YES;
				CLANG_WARN_CONSTANT_CONVERSION = YES;
				CLANG_WARN_DIRECT_OBJC_ISA_USAGE = YES_ERROR;
				CLANG_WARN_EMPTY_BODY = YES;
				CLANG_WARN_ENUM_CONVERSION = YES;
				CLANG_WARN_INT_CONVERSION = YES;
				CLANG_WARN_OBJC_ROOT_CLASS = YES_ERROR;
				CLANG_WARN_UNREACHABLE_CODE = YES;
				CLANG_WARN__DUPLICATE_METHOD_MATCH = YES;
				"CODE_SIGN_IDENTITY[sdk=iphoneos*]" = "iPhone Developer";
				COPY_PHASE_STRIP = NO;
				DEBUG_INFORMATION_FORMAT = "dwarf-with-dsym";
				ENABLE_NS_ASSERTIONS = NO;
				ENABLE_STRICT_OBJC_MSGSEND = YES;
				GCC_C_LANGUAGE_STANDARD = gnu99;
				GCC_NO_COMMON_BLOCKS = YES;
				GCC_WARN_64_TO_32_BIT_CONVERSION = YES;
				GCC_WARN_ABOUT_RETURN_TYPE = YES_ERROR;
				GCC_WARN_UNDECLARED_SELECTOR = YES;
				GCC_WARN_UNINITIALIZED_AUTOS = YES_AGGRESSIVE;
				GCC_WARN_UNUSED_FUNCTION = YES;
				GCC_WARN_UNUSED_VARIABLE = YES;
				IPHONEOS_DEPLOYMENT_TARGET = 8.3;
				MTL_ENABLE_DEBUG_INFO = NO;
				SDKROOT = iphoneos;
				TARGETED_DEVICE_FAMILY = "1,2";
				VALIDATE_PRODUCT = YES;
			};
			name = Release;
		};
		003BF9F91AF93D3200058BEF /* Debug */ = {
			isa = XCBuildConfiguration;
			buildSettings = {
				ASSETCATALOG_COMPILER_APPICON_NAME = AppIcon;
				INFOPLIST_FILE = irisCodex/Info.plist;
				LD_RUNPATH_SEARCH_PATHS = "$(inherited) @executable_path/Frameworks";
				PRODUCT_NAME = "$(TARGET_NAME)";
			};
			name = Debug;
		};
		003BF9FA1AF93D3200058BEF /* Release */ = {
			isa = XCBuildConfiguration;
			buildSettings = {
				ASSETCATALOG_COMPILER_APPICON_NAME = AppIcon;
				INFOPLIST_FILE = irisCodex/Info.plist;
				LD_RUNPATH_SEARCH_PATHS = "$(inherited) @executable_path/Frameworks";
				PRODUCT_NAME = "$(TARGET_NAME)";
			};
			name = Release;
		};
		003BF9FC1AF93D3200058BEF /* Debug */ = {
			isa = XCBuildConfiguration;
			buildSettings = {
				BUNDLE_LOADER = "$(TEST_HOST)";
				FRAMEWORK_SEARCH_PATHS = (
					"$(SDKROOT)/Developer/Library/Frameworks",
					"$(inherited)",
				);
				GCC_PREPROCESSOR_DEFINITIONS = (
					"DEBUG=1",
					"$(inherited)",
				);
				INFOPLIST_FILE = irisCodexTests/Info.plist;
				LD_RUNPATH_SEARCH_PATHS = "$(inherited) @executable_path/Frameworks @loader_path/Frameworks";
				PRODUCT_NAME = "$(TARGET_NAME)";
				TEST_HOST = "$(BUILT_PRODUCTS_DIR)/irisCodex.app/irisCodex";
			};
			name = Debug;
		};
		003BF9FD1AF93D3200058BEF /* Release */ = {
			isa = XCBuildConfiguration;
			buildSettings = {
				BUNDLE_LOADER = "$(TEST_HOST)";
				FRAMEWORK_SEARCH_PATHS = (
					"$(SDKROOT)/Developer/Library/Frameworks",
					"$(inherited)",
				);
				INFOPLIST_FILE = irisCodexTests/Info.plist;
				LD_RUNPATH_SEARCH_PATHS = "$(inherited) @executable_path/Frameworks @loader_path/Frameworks";
				PRODUCT_NAME = "$(TARGET_NAME)";
				TEST_HOST = "$(BUILT_PRODUCTS_DIR)/irisCodex.app/irisCodex";
			};
			name = Release;
		};
/* End XCBuildConfiguration section */

/* Begin XCConfigurationList section */
		003BF9D11AF93D3200058BEF /* Build configuration list for PBXProject "irisCodex" */ = {
			isa = XCConfigurationList;
			buildConfigurations = (
				003BF9F61AF93D3200058BEF /* Debug */,
				003BF9F71AF93D3200058BEF /* Release */,
			);
			defaultConfigurationIsVisible = 0;
			defaultConfigurationName = Release;
		};
		003BF9F81AF93D3200058BEF /* Build configuration list for PBXNativeTarget "irisCodex" */ = {
			isa = XCConfigurationList;
			buildConfigurations = (
				003BF9F91AF93D3200058BEF /* Debug */,
				003BF9FA1AF93D3200058BEF /* Release */,
			);
			defaultConfigurationIsVisible = 0;
		};
		003BF9FB1AF93D3200058BEF /* Build configuration list for PBXNativeTarget "irisCodexTests" */ = {
			isa = XCConfigurationList;
			buildConfigurations = (
				003BF9FC1AF93D3200058BEF /* Debug */,
				003BF9FD1AF93D3200058BEF /* Release */,
			);
			defaultConfigurationIsVisible = 0;
		};
/* End XCConfigurationList section */

/* Begin XCVersionGroup section */
		003BF9DD1AF93D3200058BEF /* irisCodex.xcdatamodeld */ = {
			isa = XCVersionGroup;
			children = (
				003BF9DE1AF93D3200058BEF /* irisCodex.xcdatamodel */,
			);
			currentVersion = 003BF9DE1AF93D3200058BEF /* irisCodex.xcdatamodel */;
			path = irisCodex.xcdatamodeld;
			sourceTree = "<group>";
			versionGroupType = wrapper.xcdatamodel;
		};
/* End XCVersionGroup section */
	};
	rootObject = 003BF9CE1AF93D3200058BEF /* Project object */;
}
